// !$*UTF8*$!
{
	archiveVersion = 1;
	classes = {
	};
	objectVersion = 56;
	objects = {

/* Begin PBXBuildFile section */
		499A468729DA757600C5EC70 /* CSTViOSApp.swift in Sources */ = {isa = PBXBuildFile; fileRef = 499A468629DA757600C5EC70 /* CSTViOSApp.swift */; };
		499A468929DA757600C5EC70 /* ContentView.swift in Sources */ = {isa = PBXBuildFile; fileRef = 499A468829DA757600C5EC70 /* ContentView.swift */; };
		499A468B29DA757700C5EC70 /* Assets.xcassets in Resources */ = {isa = PBXBuildFile; fileRef = 499A468A29DA757700C5EC70 /* Assets.xcassets */; };
		499A468E29DA757700C5EC70 /* Preview Assets.xcassets in Resources */ = {isa = PBXBuildFile; fileRef = 499A468D29DA757700C5EC70 /* Preview Assets.xcassets */; };
		499A46A229DA757700C5EC70 /* CSTViOSUITests.swift in Sources */ = {isa = PBXBuildFile; fileRef = 499A46A129DA757700C5EC70 /* CSTViOSUITests.swift */; };
		499A46A429DA757700C5EC70 /* CSTViOSUITestsLaunchTests.swift in Sources */ = {isa = PBXBuildFile; fileRef = 499A46A329DA757700C5EC70 /* CSTViOSUITestsLaunchTests.swift */; };
		499A46CA29DB017B00C5EC70 /* Player.swift in Sources */ = {isa = PBXBuildFile; fileRef = 499A46C929DB017B00C5EC70 /* Player.swift */; };
		499A46CC29DB01AA00C5EC70 /* Serie.swift in Sources */ = {isa = PBXBuildFile; fileRef = 499A46CB29DB01AA00C5EC70 /* Serie.swift */; };
		499A46CE29DB01C400C5EC70 /* League.swift in Sources */ = {isa = PBXBuildFile; fileRef = 499A46CD29DB01C400C5EC70 /* League.swift */; };
		499A46D029DB01E300C5EC70 /* Team.swift in Sources */ = {isa = PBXBuildFile; fileRef = 499A46CF29DB01E300C5EC70 /* Team.swift */; };
		499A46D229DB020400C5EC70 /* Opponent.swift in Sources */ = {isa = PBXBuildFile; fileRef = 499A46D129DB020400C5EC70 /* Opponent.swift */; };
		499A46D429DB024300C5EC70 /* OpponentPlayers.swift in Sources */ = {isa = PBXBuildFile; fileRef = 499A46D329DB024300C5EC70 /* OpponentPlayers.swift */; };
		499A46D629DB028500C5EC70 /* Match.swift in Sources */ = {isa = PBXBuildFile; fileRef = 499A46D529DB028500C5EC70 /* Match.swift */; };
		499A46D929DB032C00C5EC70 /* ServiceProtocol.swift in Sources */ = {isa = PBXBuildFile; fileRef = 499A46D829DB032C00C5EC70 /* ServiceProtocol.swift */; };
		499A46DB29DB035200C5EC70 /* ServiceError.swift in Sources */ = {isa = PBXBuildFile; fileRef = 499A46DA29DB035200C5EC70 /* ServiceError.swift */; };
		499A46DD29DB036C00C5EC70 /* Service.swift in Sources */ = {isa = PBXBuildFile; fileRef = 499A46DC29DB036C00C5EC70 /* Service.swift */; };
		499A46E029DB03A000C5EC70 /* Constants.swift in Sources */ = {isa = PBXBuildFile; fileRef = 499A46DF29DB03A000C5EC70 /* Constants.swift */; };
		499A46E229DB040500C5EC70 /* Stringurl.swift in Sources */ = {isa = PBXBuildFile; fileRef = 499A46E129DB040500C5EC70 /* Stringurl.swift */; };
		499A46E529DB04D500C5EC70 /* SplashScreenView.swift in Sources */ = {isa = PBXBuildFile; fileRef = 499A46E429DB04D500C5EC70 /* SplashScreenView.swift */; };
		499A46E729DB060500C5EC70 /* Mocks.swift in Sources */ = {isa = PBXBuildFile; fileRef = 499A46E629DB060500C5EC70 /* Mocks.swift */; };
		499A46EA29DB066E00C5EC70 /* MatchViewModel.swift in Sources */ = {isa = PBXBuildFile; fileRef = 499A46E929DB066E00C5EC70 /* MatchViewModel.swift */; };
		499A46EC29DB069000C5EC70 /* ViewModelProtocol.swift in Sources */ = {isa = PBXBuildFile; fileRef = 499A46EB29DB069000C5EC70 /* ViewModelProtocol.swift */; };
		499A46EE29DB079200C5EC70 /* TeamView.swift in Sources */ = {isa = PBXBuildFile; fileRef = 499A46ED29DB079200C5EC70 /* TeamView.swift */; };
		499A46F029DB081B00C5EC70 /* MatchCardView.swift in Sources */ = {isa = PBXBuildFile; fileRef = 499A46EF29DB081B00C5EC70 /* MatchCardView.swift */; };
		499A46F229DB08AA00C5EC70 /* MatchListView.swift in Sources */ = {isa = PBXBuildFile; fileRef = 499A46F129DB08AA00C5EC70 /* MatchListView.swift */; };
		499A46F429DB0AEF00C5EC70 /* PlayersViewModel.swift in Sources */ = {isa = PBXBuildFile; fileRef = 499A46F329DB0AEF00C5EC70 /* PlayersViewModel.swift */; };
		499A46F629DB0B2600C5EC70 /* OpponentPlayersView.swift in Sources */ = {isa = PBXBuildFile; fileRef = 499A46F529DB0B2600C5EC70 /* OpponentPlayersView.swift */; };
		499A46F829DB0BFB00C5EC70 /* MatchDetailView.swift in Sources */ = {isa = PBXBuildFile; fileRef = 499A46F729DB0BFB00C5EC70 /* MatchDetailView.swift */; };
		499A46FA29DB0DA200C5EC70 /* CSTVPlayersViewModelTests.swift in Sources */ = {isa = PBXBuildFile; fileRef = 499A46F929DB0DA200C5EC70 /* CSTVPlayersViewModelTests.swift */; };
		499A46FB29DB0DD600C5EC70 /* PlayersViewModel.swift in Sources */ = {isa = PBXBuildFile; fileRef = 499A46F329DB0AEF00C5EC70 /* PlayersViewModel.swift */; };
		499A46FC29DB0DDC00C5EC70 /* Mocks.swift in Sources */ = {isa = PBXBuildFile; fileRef = 499A46E629DB060500C5EC70 /* Mocks.swift */; };
		499A46FD29DB0DF200C5EC70 /* Match.swift in Sources */ = {isa = PBXBuildFile; fileRef = 499A46D529DB028500C5EC70 /* Match.swift */; };
		499A46FE29DB0DF800C5EC70 /* Player.swift in Sources */ = {isa = PBXBuildFile; fileRef = 499A46C929DB017B00C5EC70 /* Player.swift */; };
		499A470029DB0E4900C5EC70 /* JSONDecoder+customDecoder.swift in Sources */ = {isa = PBXBuildFile; fileRef = 499A46FF29DB0E4900C5EC70 /* JSONDecoder+customDecoder.swift */; };
		499A470129DB0E4C00C5EC70 /* JSONDecoder+customDecoder.swift in Sources */ = {isa = PBXBuildFile; fileRef = 499A46FF29DB0E4900C5EC70 /* JSONDecoder+customDecoder.swift */; };
		499A470329DB0EBA00C5EC70 /* Data+decode.swift in Sources */ = {isa = PBXBuildFile; fileRef = 499A470229DB0EBA00C5EC70 /* Data+decode.swift */; };
		499A470429DB0EBA00C5EC70 /* Data+decode.swift in Sources */ = {isa = PBXBuildFile; fileRef = 499A470229DB0EBA00C5EC70 /* Data+decode.swift */; };
		499A470629DB0F1200C5EC70 /* Date+utils.swift in Sources */ = {isa = PBXBuildFile; fileRef = 499A470529DB0F1200C5EC70 /* Date+utils.swift */; };
		499A470729DB0F1200C5EC70 /* Date+utils.swift in Sources */ = {isa = PBXBuildFile; fileRef = 499A470529DB0F1200C5EC70 /* Date+utils.swift */; };
		499A470929DB100F00C5EC70 /* MatchViewModel.swift in Sources */ = {isa = PBXBuildFile; fileRef = 499A46E929DB066E00C5EC70 /* MatchViewModel.swift */; };
		499A470A29DB101200C5EC70 /* ViewModelProtocol.swift in Sources */ = {isa = PBXBuildFile; fileRef = 499A46EB29DB069000C5EC70 /* ViewModelProtocol.swift */; };
		499A470B29DB102100C5EC70 /* ServiceProtocol.swift in Sources */ = {isa = PBXBuildFile; fileRef = 499A46D829DB032C00C5EC70 /* ServiceProtocol.swift */; };
		499A470C29DB102300C5EC70 /* ServiceError.swift in Sources */ = {isa = PBXBuildFile; fileRef = 499A46DA29DB035200C5EC70 /* ServiceError.swift */; };
		499A470D29DB102600C5EC70 /* Service.swift in Sources */ = {isa = PBXBuildFile; fileRef = 499A46DC29DB036C00C5EC70 /* Service.swift */; };
		499A470E29DB102E00C5EC70 /* League.swift in Sources */ = {isa = PBXBuildFile; fileRef = 499A46CD29DB01C400C5EC70 /* League.swift */; };
		499A470F29DB103000C5EC70 /* Team.swift in Sources */ = {isa = PBXBuildFile; fileRef = 499A46CF29DB01E300C5EC70 /* Team.swift */; };
		499A471029DB103200C5EC70 /* Opponent.swift in Sources */ = {isa = PBXBuildFile; fileRef = 499A46D129DB020400C5EC70 /* Opponent.swift */; };
		499A471129DB103500C5EC70 /* OpponentPlayers.swift in Sources */ = {isa = PBXBuildFile; fileRef = 499A46D329DB024300C5EC70 /* OpponentPlayers.swift */; };
		499A471229DB105800C5EC70 /* Serie.swift in Sources */ = {isa = PBXBuildFile; fileRef = 499A46CB29DB01AA00C5EC70 /* Serie.swift */; };
		499A471329DB107300C5EC70 /* Constants.swift in Sources */ = {isa = PBXBuildFile; fileRef = 499A46DF29DB03A000C5EC70 /* Constants.swift */; };
		499A471529DB110E00C5EC70 /* CSTVMatchViewModelTests.swift in Sources */ = {isa = PBXBuildFile; fileRef = 499A471429DB110E00C5EC70 /* CSTVMatchViewModelTests.swift */; };
/* End PBXBuildFile section */

/* Begin PBXContainerItemProxy section */
		499A469429DA757700C5EC70 /* PBXContainerItemProxy */ = {
			isa = PBXContainerItemProxy;
			containerPortal = 499A467B29DA757600C5EC70 /* Project object */;
			proxyType = 1;
			remoteGlobalIDString = 499A468229DA757600C5EC70;
			remoteInfo = CSTViOS;
		};
		499A469E29DA757700C5EC70 /* PBXContainerItemProxy */ = {
			isa = PBXContainerItemProxy;
			containerPortal = 499A467B29DA757600C5EC70 /* Project object */;
			proxyType = 1;
			remoteGlobalIDString = 499A468229DA757600C5EC70;
			remoteInfo = CSTViOS;
		};
/* End PBXContainerItemProxy section */

/* Begin PBXFileReference section */
		499A468329DA757600C5EC70 /* CSTViOS.app */ = {isa = PBXFileReference; explicitFileType = wrapper.application; includeInIndex = 0; path = CSTViOS.app; sourceTree = BUILT_PRODUCTS_DIR; };
		499A468629DA757600C5EC70 /* CSTViOSApp.swift */ = {isa = PBXFileReference; lastKnownFileType = sourcecode.swift; path = CSTViOSApp.swift; sourceTree = "<group>"; };
		499A468829DA757600C5EC70 /* ContentView.swift */ = {isa = PBXFileReference; lastKnownFileType = sourcecode.swift; path = ContentView.swift; sourceTree = "<group>"; };
		499A468A29DA757700C5EC70 /* Assets.xcassets */ = {isa = PBXFileReference; lastKnownFileType = folder.assetcatalog; path = Assets.xcassets; sourceTree = "<group>"; };
		499A468D29DA757700C5EC70 /* Preview Assets.xcassets */ = {isa = PBXFileReference; lastKnownFileType = folder.assetcatalog; path = "Preview Assets.xcassets"; sourceTree = "<group>"; };
		499A469329DA757700C5EC70 /* CSTViOSTests.xctest */ = {isa = PBXFileReference; explicitFileType = wrapper.cfbundle; includeInIndex = 0; path = CSTViOSTests.xctest; sourceTree = BUILT_PRODUCTS_DIR; };
		499A469D29DA757700C5EC70 /* CSTViOSUITests.xctest */ = {isa = PBXFileReference; explicitFileType = wrapper.cfbundle; includeInIndex = 0; path = CSTViOSUITests.xctest; sourceTree = BUILT_PRODUCTS_DIR; };
		499A46A129DA757700C5EC70 /* CSTViOSUITests.swift */ = {isa = PBXFileReference; lastKnownFileType = sourcecode.swift; path = CSTViOSUITests.swift; sourceTree = "<group>"; };
		499A46A329DA757700C5EC70 /* CSTViOSUITestsLaunchTests.swift */ = {isa = PBXFileReference; lastKnownFileType = sourcecode.swift; path = CSTViOSUITestsLaunchTests.swift; sourceTree = "<group>"; };
		499A46C929DB017B00C5EC70 /* Player.swift */ = {isa = PBXFileReference; lastKnownFileType = sourcecode.swift; path = Player.swift; sourceTree = "<group>"; };
		499A46CB29DB01AA00C5EC70 /* Serie.swift */ = {isa = PBXFileReference; lastKnownFileType = sourcecode.swift; path = Serie.swift; sourceTree = "<group>"; };
		499A46CD29DB01C400C5EC70 /* League.swift */ = {isa = PBXFileReference; lastKnownFileType = sourcecode.swift; path = League.swift; sourceTree = "<group>"; };
		499A46CF29DB01E300C5EC70 /* Team.swift */ = {isa = PBXFileReference; lastKnownFileType = sourcecode.swift; path = Team.swift; sourceTree = "<group>"; };
		499A46D129DB020400C5EC70 /* Opponent.swift */ = {isa = PBXFileReference; lastKnownFileType = sourcecode.swift; path = Opponent.swift; sourceTree = "<group>"; };
		499A46D329DB024300C5EC70 /* OpponentPlayers.swift */ = {isa = PBXFileReference; lastKnownFileType = sourcecode.swift; path = OpponentPlayers.swift; sourceTree = "<group>"; };
		499A46D529DB028500C5EC70 /* Match.swift */ = {isa = PBXFileReference; lastKnownFileType = sourcecode.swift; path = Match.swift; sourceTree = "<group>"; };
		499A46D829DB032C00C5EC70 /* ServiceProtocol.swift */ = {isa = PBXFileReference; lastKnownFileType = sourcecode.swift; path = ServiceProtocol.swift; sourceTree = "<group>"; };
		499A46DA29DB035200C5EC70 /* ServiceError.swift */ = {isa = PBXFileReference; lastKnownFileType = sourcecode.swift; path = ServiceError.swift; sourceTree = "<group>"; };
		499A46DC29DB036C00C5EC70 /* Service.swift */ = {isa = PBXFileReference; lastKnownFileType = sourcecode.swift; path = Service.swift; sourceTree = "<group>"; };
		499A46DF29DB03A000C5EC70 /* Constants.swift */ = {isa = PBXFileReference; lastKnownFileType = sourcecode.swift; path = Constants.swift; sourceTree = "<group>"; };
		499A46E129DB040500C5EC70 /* Stringurl.swift */ = {isa = PBXFileReference; lastKnownFileType = sourcecode.swift; path = Stringurl.swift; sourceTree = "<group>"; };
		499A46E429DB04D500C5EC70 /* SplashScreenView.swift */ = {isa = PBXFileReference; lastKnownFileType = sourcecode.swift; path = SplashScreenView.swift; sourceTree = "<group>"; };
		499A46E629DB060500C5EC70 /* Mocks.swift */ = {isa = PBXFileReference; lastKnownFileType = sourcecode.swift; path = Mocks.swift; sourceTree = "<group>"; };
		499A46E929DB066E00C5EC70 /* MatchViewModel.swift */ = {isa = PBXFileReference; lastKnownFileType = sourcecode.swift; path = MatchViewModel.swift; sourceTree = "<group>"; };
		499A46EB29DB069000C5EC70 /* ViewModelProtocol.swift */ = {isa = PBXFileReference; lastKnownFileType = sourcecode.swift; path = ViewModelProtocol.swift; sourceTree = "<group>"; };
		499A46ED29DB079200C5EC70 /* TeamView.swift */ = {isa = PBXFileReference; lastKnownFileType = sourcecode.swift; path = TeamView.swift; sourceTree = "<group>"; };
		499A46EF29DB081B00C5EC70 /* MatchCardView.swift */ = {isa = PBXFileReference; lastKnownFileType = sourcecode.swift; path = MatchCardView.swift; sourceTree = "<group>"; };
		499A46F129DB08AA00C5EC70 /* MatchListView.swift */ = {isa = PBXFileReference; lastKnownFileType = sourcecode.swift; path = MatchListView.swift; sourceTree = "<group>"; };
		499A46F329DB0AEF00C5EC70 /* PlayersViewModel.swift */ = {isa = PBXFileReference; lastKnownFileType = sourcecode.swift; path = PlayersViewModel.swift; sourceTree = "<group>"; };
		499A46F529DB0B2600C5EC70 /* OpponentPlayersView.swift */ = {isa = PBXFileReference; lastKnownFileType = sourcecode.swift; path = OpponentPlayersView.swift; sourceTree = "<group>"; };
		499A46F729DB0BFB00C5EC70 /* MatchDetailView.swift */ = {isa = PBXFileReference; lastKnownFileType = sourcecode.swift; path = MatchDetailView.swift; sourceTree = "<group>"; };
		499A46F929DB0DA200C5EC70 /* CSTVPlayersViewModelTests.swift */ = {isa = PBXFileReference; lastKnownFileType = sourcecode.swift; path = CSTVPlayersViewModelTests.swift; sourceTree = "<group>"; };
		499A46FF29DB0E4900C5EC70 /* JSONDecoder+customDecoder.swift */ = {isa = PBXFileReference; lastKnownFileType = sourcecode.swift; path = "JSONDecoder+customDecoder.swift"; sourceTree = "<group>"; };
		499A470229DB0EBA00C5EC70 /* Data+decode.swift */ = {isa = PBXFileReference; lastKnownFileType = sourcecode.swift; path = "Data+decode.swift"; sourceTree = "<group>"; };
		499A470529DB0F1200C5EC70 /* Date+utils.swift */ = {isa = PBXFileReference; lastKnownFileType = sourcecode.swift; path = "Date+utils.swift"; sourceTree = "<group>"; };
		499A471429DB110E00C5EC70 /* CSTVMatchViewModelTests.swift */ = {isa = PBXFileReference; lastKnownFileType = sourcecode.swift; path = CSTVMatchViewModelTests.swift; sourceTree = "<group>"; };
/* End PBXFileReference section */

/* Begin PBXFrameworksBuildPhase section */
		499A468029DA757600C5EC70 /* Frameworks */ = {
			isa = PBXFrameworksBuildPhase;
			buildActionMask = 2147483647;
			files = (
			);
			runOnlyForDeploymentPostprocessing = 0;
		};
		499A469029DA757700C5EC70 /* Frameworks */ = {
			isa = PBXFrameworksBuildPhase;
			buildActionMask = 2147483647;
			files = (
			);
			runOnlyForDeploymentPostprocessing = 0;
		};
		499A469A29DA757700C5EC70 /* Frameworks */ = {
			isa = PBXFrameworksBuildPhase;
			buildActionMask = 2147483647;
			files = (
			);
			runOnlyForDeploymentPostprocessing = 0;
		};
/* End PBXFrameworksBuildPhase section */

/* Begin PBXGroup section */
		499A467A29DA757600C5EC70 = {
			isa = PBXGroup;
			children = (
				499A468529DA757600C5EC70 /* CSTViOS */,
				499A469629DA757700C5EC70 /* CSTViOSTests */,
				499A46A029DA757700C5EC70 /* CSTViOSUITests */,
				499A468429DA757600C5EC70 /* Products */,
			);
			sourceTree = "<group>";
		};
		499A468429DA757600C5EC70 /* Products */ = {
			isa = PBXGroup;
			children = (
				499A468329DA757600C5EC70 /* CSTViOS.app */,
				499A469329DA757700C5EC70 /* CSTViOSTests.xctest */,
				499A469D29DA757700C5EC70 /* CSTViOSUITests.xctest */,
			);
			name = Products;
			sourceTree = "<group>";
		};
		499A468529DA757600C5EC70 /* CSTViOS */ = {
			isa = PBXGroup;
			children = (
				499A46E829DB065200C5EC70 /* ViewModel */,
				499A46E329DB04B700C5EC70 /* View */,
				499A46DE29DB039200C5EC70 /* Common */,
				499A46D729DB030000C5EC70 /* Service */,
				499A46C829DB013C00C5EC70 /* Model */,
				499A468629DA757600C5EC70 /* CSTViOSApp.swift */,
				499A468829DA757600C5EC70 /* ContentView.swift */,
				499A468A29DA757700C5EC70 /* Assets.xcassets */,
				499A468C29DA757700C5EC70 /* Preview Content */,
			);
			path = CSTViOS;
			sourceTree = "<group>";
		};
		499A468C29DA757700C5EC70 /* Preview Content */ = {
			isa = PBXGroup;
			children = (
				499A468D29DA757700C5EC70 /* Preview Assets.xcassets */,
			);
			path = "Preview Content";
			sourceTree = "<group>";
		};
		499A469629DA757700C5EC70 /* CSTViOSTests */ = {
			isa = PBXGroup;
			children = (
				499A46F929DB0DA200C5EC70 /* CSTVPlayersViewModelTests.swift */,
				499A471429DB110E00C5EC70 /* CSTVMatchViewModelTests.swift */,
			);
			path = CSTViOSTests;
			sourceTree = "<group>";
		};
		499A46A029DA757700C5EC70 /* CSTViOSUITests */ = {
			isa = PBXGroup;
			children = (
				499A46A129DA757700C5EC70 /* CSTViOSUITests.swift */,
				499A46A329DA757700C5EC70 /* CSTViOSUITestsLaunchTests.swift */,
			);
			path = CSTViOSUITests;
			sourceTree = "<group>";
		};
		499A46C829DB013C00C5EC70 /* Model */ = {
			isa = PBXGroup;
			children = (
				499A46CD29DB01C400C5EC70 /* League.swift */,
				499A46D529DB028500C5EC70 /* Match.swift */,
				499A46D129DB020400C5EC70 /* Opponent.swift */,
				499A46D329DB024300C5EC70 /* OpponentPlayers.swift */,
				499A46C929DB017B00C5EC70 /* Player.swift */,
				499A46CB29DB01AA00C5EC70 /* Serie.swift */,
				499A46CF29DB01E300C5EC70 /* Team.swift */,
			);
			path = Model;
			sourceTree = "<group>";
		};
		499A46D729DB030000C5EC70 /* Service */ = {
			isa = PBXGroup;
			children = (
				499A46D829DB032C00C5EC70 /* ServiceProtocol.swift */,
				499A46DA29DB035200C5EC70 /* ServiceError.swift */,
				499A46DC29DB036C00C5EC70 /* Service.swift */,
			);
			path = Service;
			sourceTree = "<group>";
		};
		499A46DE29DB039200C5EC70 /* Common */ = {
			isa = PBXGroup;
			children = (
				499A46DF29DB03A000C5EC70 /* Constants.swift */,
				499A46E629DB060500C5EC70 /* Mocks.swift */,
				499A470829DB0FA300C5EC70 /* Extensions */,
			);
			path = Common;
			sourceTree = "<group>";
		};
		499A46E329DB04B700C5EC70 /* View */ = {
			isa = PBXGroup;
			children = (
				499A46E429DB04D500C5EC70 /* SplashScreenView.swift */,
				499A46ED29DB079200C5EC70 /* TeamView.swift */,
				499A46EF29DB081B00C5EC70 /* MatchCardView.swift */,
				499A46F129DB08AA00C5EC70 /* MatchListView.swift */,
				499A46F729DB0BFB00C5EC70 /* MatchDetailView.swift */,
				499A46F529DB0B2600C5EC70 /* OpponentPlayersView.swift */,
			);
			path = View;
			sourceTree = "<group>";
		};
		499A46E829DB065200C5EC70 /* ViewModel */ = {
			isa = PBXGroup;
			children = (
				499A46E929DB066E00C5EC70 /* MatchViewModel.swift */,
				499A46EB29DB069000C5EC70 /* ViewModelProtocol.swift */,
				499A46F329DB0AEF00C5EC70 /* PlayersViewModel.swift */,
			);
			path = ViewModel;
			sourceTree = "<group>";
		};
		499A470829DB0FA300C5EC70 /* Extensions */ = {
			isa = PBXGroup;
			children = (
				499A46E129DB040500C5EC70 /* Stringurl.swift */,
				499A46FF29DB0E4900C5EC70 /* JSONDecoder+customDecoder.swift */,
				499A470229DB0EBA00C5EC70 /* Data+decode.swift */,
				499A470529DB0F1200C5EC70 /* Date+utils.swift */,
			);
			path = Extensions;
			sourceTree = "<group>";
		};
/* End PBXGroup section */

/* Begin PBXNativeTarget section */
		499A468229DA757600C5EC70 /* CSTViOS */ = {
			isa = PBXNativeTarget;
			buildConfigurationList = 499A46A729DA757700C5EC70 /* Build configuration list for PBXNativeTarget "CSTViOS" */;
			buildPhases = (
				499A467F29DA757600C5EC70 /* Sources */,
				499A468029DA757600C5EC70 /* Frameworks */,
				499A468129DA757600C5EC70 /* Resources */,
			);
			buildRules = (
			);
			dependencies = (
			);
			name = CSTViOS;
			productName = CSTViOS;
			productReference = 499A468329DA757600C5EC70 /* CSTViOS.app */;
			productType = "com.apple.product-type.application";
		};
		499A469229DA757700C5EC70 /* CSTViOSTests */ = {
			isa = PBXNativeTarget;
			buildConfigurationList = 499A46AA29DA757700C5EC70 /* Build configuration list for PBXNativeTarget "CSTViOSTests" */;
			buildPhases = (
				499A468F29DA757700C5EC70 /* Sources */,
				499A469029DA757700C5EC70 /* Frameworks */,
				499A469129DA757700C5EC70 /* Resources */,
			);
			buildRules = (
			);
			dependencies = (
				499A469529DA757700C5EC70 /* PBXTargetDependency */,
			);
			name = CSTViOSTests;
			productName = CSTViOSTests;
			productReference = 499A469329DA757700C5EC70 /* CSTViOSTests.xctest */;
			productType = "com.apple.product-type.bundle.unit-test";
		};
		499A469C29DA757700C5EC70 /* CSTViOSUITests */ = {
			isa = PBXNativeTarget;
			buildConfigurationList = 499A46AD29DA757700C5EC70 /* Build configuration list for PBXNativeTarget "CSTViOSUITests" */;
			buildPhases = (
				499A469929DA757700C5EC70 /* Sources */,
				499A469A29DA757700C5EC70 /* Frameworks */,
				499A469B29DA757700C5EC70 /* Resources */,
			);
			buildRules = (
			);
			dependencies = (
				499A469F29DA757700C5EC70 /* PBXTargetDependency */,
			);
			name = CSTViOSUITests;
			productName = CSTViOSUITests;
			productReference = 499A469D29DA757700C5EC70 /* CSTViOSUITests.xctest */;
			productType = "com.apple.product-type.bundle.ui-testing";
		};
/* End PBXNativeTarget section */

/* Begin PBXProject section */
		499A467B29DA757600C5EC70 /* Project object */ = {
			isa = PBXProject;
			attributes = {
				BuildIndependentTargetsInParallel = 1;
				LastSwiftUpdateCheck = 1410;
				LastUpgradeCheck = 1410;
				TargetAttributes = {
					499A468229DA757600C5EC70 = {
						CreatedOnToolsVersion = 14.1;
					};
					499A469229DA757700C5EC70 = {
						CreatedOnToolsVersion = 14.1;
						TestTargetID = 499A468229DA757600C5EC70;
					};
					499A469C29DA757700C5EC70 = {
						CreatedOnToolsVersion = 14.1;
						TestTargetID = 499A468229DA757600C5EC70;
					};
				};
			};
			buildConfigurationList = 499A467E29DA757600C5EC70 /* Build configuration list for PBXProject "CSTViOS" */;
			compatibilityVersion = "Xcode 14.0";
			developmentRegion = en;
			hasScannedForEncodings = 0;
			knownRegions = (
				en,
				Base,
			);
			mainGroup = 499A467A29DA757600C5EC70;
			productRefGroup = 499A468429DA757600C5EC70 /* Products */;
			projectDirPath = "";
			projectRoot = "";
			targets = (
				499A468229DA757600C5EC70 /* CSTViOS */,
				499A469229DA757700C5EC70 /* CSTViOSTests */,
				499A469C29DA757700C5EC70 /* CSTViOSUITests */,
			);
		};
/* End PBXProject section */

/* Begin PBXResourcesBuildPhase section */
		499A468129DA757600C5EC70 /* Resources */ = {
			isa = PBXResourcesBuildPhase;
			buildActionMask = 2147483647;
			files = (
				499A468E29DA757700C5EC70 /* Preview Assets.xcassets in Resources */,
				499A468B29DA757700C5EC70 /* Assets.xcassets in Resources */,
			);
			runOnlyForDeploymentPostprocessing = 0;
		};
		499A469129DA757700C5EC70 /* Resources */ = {
			isa = PBXResourcesBuildPhase;
			buildActionMask = 2147483647;
			files = (
			);
			runOnlyForDeploymentPostprocessing = 0;
		};
		499A469B29DA757700C5EC70 /* Resources */ = {
			isa = PBXResourcesBuildPhase;
			buildActionMask = 2147483647;
			files = (
			);
			runOnlyForDeploymentPostprocessing = 0;
		};
/* End PBXResourcesBuildPhase section */

/* Begin PBXSourcesBuildPhase section */
		499A467F29DA757600C5EC70 /* Sources */ = {
			isa = PBXSourcesBuildPhase;
			buildActionMask = 2147483647;
			files = (
				499A46D029DB01E300C5EC70 /* Team.swift in Sources */,
				499A468929DA757600C5EC70 /* ContentView.swift in Sources */,
				499A46E529DB04D500C5EC70 /* SplashScreenView.swift in Sources */,
				499A46F429DB0AEF00C5EC70 /* PlayersViewModel.swift in Sources */,
				499A46F629DB0B2600C5EC70 /* OpponentPlayersView.swift in Sources */,
				499A470329DB0EBA00C5EC70 /* Data+decode.swift in Sources */,
				499A46E729DB060500C5EC70 /* Mocks.swift in Sources */,
				499A46D629DB028500C5EC70 /* Match.swift in Sources */,
				499A46D229DB020400C5EC70 /* Opponent.swift in Sources */,
				499A46F029DB081B00C5EC70 /* MatchCardView.swift in Sources */,
				499A46D429DB024300C5EC70 /* OpponentPlayers.swift in Sources */,
				499A470029DB0E4900C5EC70 /* JSONDecoder+customDecoder.swift in Sources */,
				499A46DD29DB036C00C5EC70 /* Service.swift in Sources */,
				499A46EC29DB069000C5EC70 /* ViewModelProtocol.swift in Sources */,
				499A46CA29DB017B00C5EC70 /* Player.swift in Sources */,
				499A46EA29DB066E00C5EC70 /* MatchViewModel.swift in Sources */,
				499A46E029DB03A000C5EC70 /* Constants.swift in Sources */,
				499A46F229DB08AA00C5EC70 /* MatchListView.swift in Sources */,
				499A46CC29DB01AA00C5EC70 /* Serie.swift in Sources */,
				499A46EE29DB079200C5EC70 /* TeamView.swift in Sources */,
				499A46DB29DB035200C5EC70 /* ServiceError.swift in Sources */,
				499A46F829DB0BFB00C5EC70 /* MatchDetailView.swift in Sources */,
				499A46CE29DB01C400C5EC70 /* League.swift in Sources */,
				499A468729DA757600C5EC70 /* CSTViOSApp.swift in Sources */,
				499A46D929DB032C00C5EC70 /* ServiceProtocol.swift in Sources */,
				499A470629DB0F1200C5EC70 /* Date+utils.swift in Sources */,
				499A46E229DB040500C5EC70 /* Stringurl.swift in Sources */,
			);
			runOnlyForDeploymentPostprocessing = 0;
		};
		499A468F29DA757700C5EC70 /* Sources */ = {
			isa = PBXSourcesBuildPhase;
			buildActionMask = 2147483647;
			files = (
				499A471029DB103200C5EC70 /* Opponent.swift in Sources */,
				499A470129DB0E4C00C5EC70 /* JSONDecoder+customDecoder.swift in Sources */,
				499A470D29DB102600C5EC70 /* Service.swift in Sources */,
				499A46FB29DB0DD600C5EC70 /* PlayersViewModel.swift in Sources */,
				499A471529DB110E00C5EC70 /* CSTVMatchViewModelTests.swift in Sources */,
				499A470929DB100F00C5EC70 /* MatchViewModel.swift in Sources */,
				499A470B29DB102100C5EC70 /* ServiceProtocol.swift in Sources */,
				499A471129DB103500C5EC70 /* OpponentPlayers.swift in Sources */,
				499A46FA29DB0DA200C5EC70 /* CSTVPlayersViewModelTests.swift in Sources */,
				499A46FD29DB0DF200C5EC70 /* Match.swift in Sources */,
				499A470429DB0EBA00C5EC70 /* Data+decode.swift in Sources */,
				499A470C29DB102300C5EC70 /* ServiceError.swift in Sources */,
				499A470A29DB101200C5EC70 /* ViewModelProtocol.swift in Sources */,
				499A471229DB105800C5EC70 /* Serie.swift in Sources */,
				499A46FE29DB0DF800C5EC70 /* Player.swift in Sources */,
				499A471329DB107300C5EC70 /* Constants.swift in Sources */,
				499A470F29DB103000C5EC70 /* Team.swift in Sources */,
				499A470729DB0F1200C5EC70 /* Date+utils.swift in Sources */,
				499A470E29DB102E00C5EC70 /* League.swift in Sources */,
				499A46FC29DB0DDC00C5EC70 /* Mocks.swift in Sources */,
			);
			runOnlyForDeploymentPostprocessing = 0;
		};
		499A469929DA757700C5EC70 /* Sources */ = {
			isa = PBXSourcesBuildPhase;
			buildActionMask = 2147483647;
			files = (
				499A46A429DA757700C5EC70 /* CSTViOSUITestsLaunchTests.swift in Sources */,
				499A46A229DA757700C5EC70 /* CSTViOSUITests.swift in Sources */,
			);
			runOnlyForDeploymentPostprocessing = 0;
		};
/* End PBXSourcesBuildPhase section */

/* Begin PBXTargetDependency section */
		499A469529DA757700C5EC70 /* PBXTargetDependency */ = {
			isa = PBXTargetDependency;
			target = 499A468229DA757600C5EC70 /* CSTViOS */;
			targetProxy = 499A469429DA757700C5EC70 /* PBXContainerItemProxy */;
		};
		499A469F29DA757700C5EC70 /* PBXTargetDependency */ = {
			isa = PBXTargetDependency;
			target = 499A468229DA757600C5EC70 /* CSTViOS */;
			targetProxy = 499A469E29DA757700C5EC70 /* PBXContainerItemProxy */;
		};
/* End PBXTargetDependency section */

/* Begin XCBuildConfiguration section */
		499A46A529DA757700C5EC70 /* Debug */ = {
			isa = XCBuildConfiguration;
			buildSettings = {
				ALWAYS_SEARCH_USER_PATHS = NO;
				CLANG_ANALYZER_NONNULL = YES;
				CLANG_ANALYZER_NUMBER_OBJECT_CONVERSION = YES_AGGRESSIVE;
				CLANG_CXX_LANGUAGE_STANDARD = "gnu++20";
				CLANG_ENABLE_MODULES = YES;
				CLANG_ENABLE_OBJC_ARC = YES;
				CLANG_ENABLE_OBJC_WEAK = YES;
				CLANG_WARN_BLOCK_CAPTURE_AUTORELEASING = YES;
				CLANG_WARN_BOOL_CONVERSION = YES;
				CLANG_WARN_COMMA = YES;
				CLANG_WARN_CONSTANT_CONVERSION = YES;
				CLANG_WARN_DEPRECATED_OBJC_IMPLEMENTATIONS = YES;
				CLANG_WARN_DIRECT_OBJC_ISA_USAGE = YES_ERROR;
				CLANG_WARN_DOCUMENTATION_COMMENTS = YES;
				CLANG_WARN_EMPTY_BODY = YES;
				CLANG_WARN_ENUM_CONVERSION = YES;
				CLANG_WARN_INFINITE_RECURSION = YES;
				CLANG_WARN_INT_CONVERSION = YES;
				CLANG_WARN_NON_LITERAL_NULL_CONVERSION = YES;
				CLANG_WARN_OBJC_IMPLICIT_RETAIN_SELF = YES;
				CLANG_WARN_OBJC_LITERAL_CONVERSION = YES;
				CLANG_WARN_OBJC_ROOT_CLASS = YES_ERROR;
				CLANG_WARN_QUOTED_INCLUDE_IN_FRAMEWORK_HEADER = YES;
				CLANG_WARN_RANGE_LOOP_ANALYSIS = YES;
				CLANG_WARN_STRICT_PROTOTYPES = YES;
				CLANG_WARN_SUSPICIOUS_MOVE = YES;
				CLANG_WARN_UNGUARDED_AVAILABILITY = YES_AGGRESSIVE;
				CLANG_WARN_UNREACHABLE_CODE = YES;
				CLANG_WARN__DUPLICATE_METHOD_MATCH = YES;
				COPY_PHASE_STRIP = NO;
				DEBUG_INFORMATION_FORMAT = dwarf;
				ENABLE_STRICT_OBJC_MSGSEND = YES;
				ENABLE_TESTABILITY = YES;
				GCC_C_LANGUAGE_STANDARD = gnu11;
				GCC_DYNAMIC_NO_PIC = NO;
				GCC_NO_COMMON_BLOCKS = YES;
				GCC_OPTIMIZATION_LEVEL = 0;
				GCC_PREPROCESSOR_DEFINITIONS = (
					"DEBUG=1",
					"$(inherited)",
				);
				GCC_WARN_64_TO_32_BIT_CONVERSION = YES;
				GCC_WARN_ABOUT_RETURN_TYPE = YES_ERROR;
				GCC_WARN_UNDECLARED_SELECTOR = YES;
				GCC_WARN_UNINITIALIZED_AUTOS = YES_AGGRESSIVE;
				GCC_WARN_UNUSED_FUNCTION = YES;
				GCC_WARN_UNUSED_VARIABLE = YES;
				IPHONEOS_DEPLOYMENT_TARGET = 16.1;
				MTL_ENABLE_DEBUG_INFO = INCLUDE_SOURCE;
				MTL_FAST_MATH = YES;
				ONLY_ACTIVE_ARCH = YES;
				SDKROOT = iphoneos;
				SWIFT_ACTIVE_COMPILATION_CONDITIONS = DEBUG;
				SWIFT_OPTIMIZATION_LEVEL = "-Onone";
			};
			name = Debug;
		};
		499A46A629DA757700C5EC70 /* Release */ = {
			isa = XCBuildConfiguration;
			buildSettings = {
				ALWAYS_SEARCH_USER_PATHS = NO;
				CLANG_ANALYZER_NONNULL = YES;
				CLANG_ANALYZER_NUMBER_OBJECT_CONVERSION = YES_AGGRESSIVE;
				CLANG_CXX_LANGUAGE_STANDARD = "gnu++20";
				CLANG_ENABLE_MODULES = YES;
				CLANG_ENABLE_OBJC_ARC = YES;
				CLANG_ENABLE_OBJC_WEAK = YES;
				CLANG_WARN_BLOCK_CAPTURE_AUTORELEASING = YES;
				CLANG_WARN_BOOL_CONVERSION = YES;
				CLANG_WARN_COMMA = YES;
				CLANG_WARN_CONSTANT_CONVERSION = YES;
				CLANG_WARN_DEPRECATED_OBJC_IMPLEMENTATIONS = YES;
				CLANG_WARN_DIRECT_OBJC_ISA_USAGE = YES_ERROR;
				CLANG_WARN_DOCUMENTATION_COMMENTS = YES;
				CLANG_WARN_EMPTY_BODY = YES;
				CLANG_WARN_ENUM_CONVERSION = YES;
				CLANG_WARN_INFINITE_RECURSION = YES;
				CLANG_WARN_INT_CONVERSION = YES;
				CLANG_WARN_NON_LITERAL_NULL_CONVERSION = YES;
				CLANG_WARN_OBJC_IMPLICIT_RETAIN_SELF = YES;
				CLANG_WARN_OBJC_LITERAL_CONVERSION = YES;
				CLANG_WARN_OBJC_ROOT_CLASS = YES_ERROR;
				CLANG_WARN_QUOTED_INCLUDE_IN_FRAMEWORK_HEADER = YES;
				CLANG_WARN_RANGE_LOOP_ANALYSIS = YES;
				CLANG_WARN_STRICT_PROTOTYPES = YES;
				CLANG_WARN_SUSPICIOUS_MOVE = YES;
				CLANG_WARN_UNGUARDED_AVAILABILITY = YES_AGGRESSIVE;
				CLANG_WARN_UNREACHABLE_CODE = YES;
				CLANG_WARN__DUPLICATE_METHOD_MATCH = YES;
				COPY_PHASE_STRIP = NO;
				DEBUG_INFORMATION_FORMAT = "dwarf-with-dsym";
				ENABLE_NS_ASSERTIONS = NO;
				ENABLE_STRICT_OBJC_MSGSEND = YES;
				GCC_C_LANGUAGE_STANDARD = gnu11;
				GCC_NO_COMMON_BLOCKS = YES;
				GCC_WARN_64_TO_32_BIT_CONVERSION = YES;
				GCC_WARN_ABOUT_RETURN_TYPE = YES_ERROR;
				GCC_WARN_UNDECLARED_SELECTOR = YES;
				GCC_WARN_UNINITIALIZED_AUTOS = YES_AGGRESSIVE;
				GCC_WARN_UNUSED_FUNCTION = YES;
				GCC_WARN_UNUSED_VARIABLE = YES;
				IPHONEOS_DEPLOYMENT_TARGET = 16.1;
				MTL_ENABLE_DEBUG_INFO = NO;
				MTL_FAST_MATH = YES;
				SDKROOT = iphoneos;
				SWIFT_COMPILATION_MODE = wholemodule;
				SWIFT_OPTIMIZATION_LEVEL = "-O";
				VALIDATE_PRODUCT = YES;
			};
			name = Release;
		};
		499A46A829DA757700C5EC70 /* Debug */ = {
			isa = XCBuildConfiguration;
			buildSettings = {
				ASSETCATALOG_COMPILER_APPICON_NAME = AppIcon;
				ASSETCATALOG_COMPILER_GLOBAL_ACCENT_COLOR_NAME = AccentColor;
				CODE_SIGN_STYLE = Automatic;
				CURRENT_PROJECT_VERSION = 1;
				DEVELOPMENT_ASSET_PATHS = "\"CSTViOS/Preview Content\"";
				DEVELOPMENT_TEAM = 6PN6V35AZY;
				ENABLE_PREVIEWS = YES;
				GENERATE_INFOPLIST_FILE = YES;
				INFOPLIST_KEY_UIApplicationSceneManifest_Generation = YES;
				INFOPLIST_KEY_UIApplicationSupportsIndirectInputEvents = YES;
				INFOPLIST_KEY_UILaunchScreen_Generation = YES;
				INFOPLIST_KEY_UISupportedInterfaceOrientations_iPad = "UIInterfaceOrientationPortrait UIInterfaceOrientationPortraitUpsideDown UIInterfaceOrientationLandscapeLeft UIInterfaceOrientationLandscapeRight";
				INFOPLIST_KEY_UISupportedInterfaceOrientations_iPhone = "UIInterfaceOrientationPortrait UIInterfaceOrientationLandscapeLeft UIInterfaceOrientationLandscapeRight";
				LD_RUNPATH_SEARCH_PATHS = (
					"$(inherited)",
					"@executable_path/Frameworks",
				);
				MARKETING_VERSION = 1.0;
				PRODUCT_BUNDLE_IDENTIFIER = fabiolindemberg.CSTViOS;
				PRODUCT_NAME = "$(TARGET_NAME)";
				SWIFT_EMIT_LOC_STRINGS = YES;
				SWIFT_VERSION = 5.0;
				TARGETED_DEVICE_FAMILY = "1,2";
			};
			name = Debug;
		};
		499A46A929DA757700C5EC70 /* Release */ = {
			isa = XCBuildConfiguration;
			buildSettings = {
				ASSETCATALOG_COMPILER_APPICON_NAME = AppIcon;
				ASSETCATALOG_COMPILER_GLOBAL_ACCENT_COLOR_NAME = AccentColor;
				CODE_SIGN_STYLE = Automatic;
				CURRENT_PROJECT_VERSION = 1;
				DEVELOPMENT_ASSET_PATHS = "\"CSTViOS/Preview Content\"";
				DEVELOPMENT_TEAM = 6PN6V35AZY;
				ENABLE_PREVIEWS = YES;
				GENERATE_INFOPLIST_FILE = YES;
				INFOPLIST_KEY_UIApplicationSceneManifest_Generation = YES;
				INFOPLIST_KEY_UIApplicationSupportsIndirectInputEvents = YES;
				INFOPLIST_KEY_UILaunchScreen_Generation = YES;
				INFOPLIST_KEY_UISupportedInterfaceOrientations_iPad = "UIInterfaceOrientationPortrait UIInterfaceOrientationPortraitUpsideDown UIInterfaceOrientationLandscapeLeft UIInterfaceOrientationLandscapeRight";
				INFOPLIST_KEY_UISupportedInterfaceOrientations_iPhone = "UIInterfaceOrientationPortrait UIInterfaceOrientationLandscapeLeft UIInterfaceOrientationLandscapeRight";
				LD_RUNPATH_SEARCH_PATHS = (
					"$(inherited)",
					"@executable_path/Frameworks",
				);
				MARKETING_VERSION = 1.0;
				PRODUCT_BUNDLE_IDENTIFIER = fabiolindemberg.CSTViOS;
				PRODUCT_NAME = "$(TARGET_NAME)";
				SWIFT_EMIT_LOC_STRINGS = YES;
				SWIFT_VERSION = 5.0;
				TARGETED_DEVICE_FAMILY = "1,2";
			};
			name = Release;
		};
		499A46AB29DA757700C5EC70 /* Debug */ = {
			isa = XCBuildConfiguration;
			buildSettings = {
				ALWAYS_EMBED_SWIFT_STANDARD_LIBRARIES = YES;
				BUNDLE_LOADER = "$(TEST_HOST)";
				CODE_SIGN_STYLE = Automatic;
				CURRENT_PROJECT_VERSION = 1;
				DEVELOPMENT_TEAM = 6PN6V35AZY;
				GENERATE_INFOPLIST_FILE = YES;
				IPHONEOS_DEPLOYMENT_TARGET = 16.1;
				MARKETING_VERSION = 1.0;
				PRODUCT_BUNDLE_IDENTIFIER = fabiolindemberg.CSTViOSTests;
				PRODUCT_NAME = "$(TARGET_NAME)";
				SWIFT_EMIT_LOC_STRINGS = NO;
				SWIFT_VERSION = 5.0;
				TARGETED_DEVICE_FAMILY = "1,2";
				TEST_HOST = "$(BUILT_PRODUCTS_DIR)/CSTViOS.app/$(BUNDLE_EXECUTABLE_FOLDER_PATH)/CSTViOS";
			};
			name = Debug;
		};
		499A46AC29DA757700C5EC70 /* Release */ = {
			isa = XCBuildConfiguration;
			buildSettings = {
				ALWAYS_EMBED_SWIFT_STANDARD_LIBRARIES = YES;
				BUNDLE_LOADER = "$(TEST_HOST)";
				CODE_SIGN_STYLE = Automatic;
				CURRENT_PROJECT_VERSION = 1;
				DEVELOPMENT_TEAM = 6PN6V35AZY;
				GENERATE_INFOPLIST_FILE = YES;
				IPHONEOS_DEPLOYMENT_TARGET = 16.1;
				MARKETING_VERSION = 1.0;
				PRODUCT_BUNDLE_IDENTIFIER = fabiolindemberg.CSTViOSTests;
				PRODUCT_NAME = "$(TARGET_NAME)";
				SWIFT_EMIT_LOC_STRINGS = NO;
				SWIFT_VERSION = 5.0;
				TARGETED_DEVICE_FAMILY = "1,2";
				TEST_HOST = "$(BUILT_PRODUCTS_DIR)/CSTViOS.app/$(BUNDLE_EXECUTABLE_FOLDER_PATH)/CSTViOS";
			};
			name = Release;
		};
		499A46AE29DA757700C5EC70 /* Debug */ = {
			isa = XCBuildConfiguration;
			buildSettings = {
				ALWAYS_EMBED_SWIFT_STANDARD_LIBRARIES = YES;
				CODE_SIGN_STYLE = Automatic;
				CURRENT_PROJECT_VERSION = 1;
				DEVELOPMENT_TEAM = 6PN6V35AZY;
				GENERATE_INFOPLIST_FILE = YES;
				MARKETING_VERSION = 1.0;
				PRODUCT_BUNDLE_IDENTIFIER = fabiolindemberg.CSTViOSUITests;
				PRODUCT_NAME = "$(TARGET_NAME)";
				SWIFT_EMIT_LOC_STRINGS = NO;
				SWIFT_VERSION = 5.0;
				TARGETED_DEVICE_FAMILY = "1,2";
				TEST_TARGET_NAME = CSTViOS;
			};
			name = Debug;
		};
		499A46AF29DA757700C5EC70 /* Release */ = {
			isa = XCBuildConfiguration;
			buildSettings = {
				ALWAYS_EMBED_SWIFT_STANDARD_LIBRARIES = YES;
				CODE_SIGN_STYLE = Automatic;
				CURRENT_PROJECT_VERSION = 1;
				DEVELOPMENT_TEAM = 6PN6V35AZY;
				GENERATE_INFOPLIST_FILE = YES;
				MARKETING_VERSION = 1.0;
				PRODUCT_BUNDLE_IDENTIFIER = fabiolindemberg.CSTViOSUITests;
				PRODUCT_NAME = "$(TARGET_NAME)";
				SWIFT_EMIT_LOC_STRINGS = NO;
				SWIFT_VERSION = 5.0;
				TARGETED_DEVICE_FAMILY = "1,2";
				TEST_TARGET_NAME = CSTViOS;
			};
			name = Release;
		};
/* End XCBuildConfiguration section */

/* Begin XCConfigurationList section */
		499A467E29DA757600C5EC70 /* Build configuration list for PBXProject "CSTViOS" */ = {
			isa = XCConfigurationList;
			buildConfigurations = (
				499A46A529DA757700C5EC70 /* Debug */,
				499A46A629DA757700C5EC70 /* Release */,
			);
			defaultConfigurationIsVisible = 0;
			defaultConfigurationName = Release;
		};
		499A46A729DA757700C5EC70 /* Build configuration list for PBXNativeTarget "CSTViOS" */ = {
			isa = XCConfigurationList;
			buildConfigurations = (
				499A46A829DA757700C5EC70 /* Debug */,
				499A46A929DA757700C5EC70 /* Release */,
			);
			defaultConfigurationIsVisible = 0;
			defaultConfigurationName = Release;
		};
		499A46AA29DA757700C5EC70 /* Build configuration list for PBXNativeTarget "CSTViOSTests" */ = {
			isa = XCConfigurationList;
			buildConfigurations = (
				499A46AB29DA757700C5EC70 /* Debug */,
				499A46AC29DA757700C5EC70 /* Release */,
			);
			defaultConfigurationIsVisible = 0;
			defaultConfigurationName = Release;
		};
		499A46AD29DA757700C5EC70 /* Build configuration list for PBXNativeTarget "CSTViOSUITests" */ = {
			isa = XCConfigurationList;
			buildConfigurations = (
				499A46AE29DA757700C5EC70 /* Debug */,
				499A46AF29DA757700C5EC70 /* Release */,
			);
			defaultConfigurationIsVisible = 0;
			defaultConfigurationName = Release;
		};
/* End XCConfigurationList section */
	};
	rootObject = 499A467B29DA757600C5EC70 /* Project object */;
}
